{
  "version": "5",
  "specifiers": {
    "jsr:@dep/cache@^1.0.2": "1.0.2",
    "jsr:@dep/command@3": "3.0.0",
    "jsr:@dep/path@1": "1.0.0",
    "jsr:@dep/schema@^1.0.2": "1.0.2",
    "jsr:@dep/slug@^1.1.0": "1.1.0",
    "jsr:@dep/table@^1.0.1": "1.0.1",
    "jsr:@dep/text@^1.0.1": "1.0.1",
    "jsr:@std/fmt@^1.0.10": "1.0.10",
    "jsr:@std/fs@^1.0.24": "1.0.24",
    "jsr:@std/internal@^1.0.14": "1.0.14",
    "jsr:@std/path@^1.1.4": "1.1.6",
    "jsr:@std/path@^1.1.5": "1.1.6",
    "jsr:@std/path@^1.1.6": "1.1.6"
  },
  "jsr": {
    "@dep/cache@1.0.2": {
      "integrity": "7937e2eb91bbdf0558df06033324a0ada358bab983d75c67e96e8f3d70dffaae",
      "dependencies": [
        "jsr:@dep/text"
      ]
    },
    "@dep/command@3.0.0": {
      "integrity": "4808234f47f57a23098cf7ff4eb066728c1e54f8dd72bf502afada2dffe5a03f",
      "dependencies": [
        "jsr:@dep/table"
      ]
    },
    "@dep/path@1.0.0": {
      "integrity": "c0989d2461a5520d34fc8c186e0ca35ff39e3ac8dd007d56d65a75b0b05f6cb3",
      "dependencies": [
        "jsr:@std/path@^1.1.4"
      ]
    },
    "@dep/schema@1.0.2": {
      "integrity": "4490994922c9d17168ea3416e6bc566fcd491bf8ced87e9ab32bb9b52cb8d2b7"
    },
    "@dep/slug@1.1.0": {
      "integrity": "5b14570f1b31b96760175a8175df1bb91cc18eea4025f3f798d7c07f63a30991"
    },
    "@dep/table@1.0.1": {
      "integrity": "f0855dc71b9dc1b2e83930a47c2ac0295739e1a970a5de7135e7eb7f23942745"
    },
    "@dep/text@1.0.1": {
      "integrity": "dd824ba51334948943ba5b0d5e9a07e051020e152e56406da294b4711970c580",
      "dependencies": [
        "jsr:@std/fs",
        "jsr:@std/path@^1.1.6"
      ]
    },
    "@std/fmt@1.0.10": {
      "integrity": "90dfba288802ac6de82fb31d0917eb9e4450b9925b954d5e51fc29ac07419db5"
    },
    "@std/fs@1.0.24": {
      "integrity": "f3061b45b81673a2bece689da041df32d174be064c89eb6397fb5718d3fb7877",
      "dependencies": [
        "jsr:@std/internal",
        "jsr:@std/path@^1.1.5"
      ]
    },
    "@std/internal@1.0.14": {
      "integrity": "291516b3d4c35024d6ffbc0a9df5bf4c64116e05b50012cf846710152d2ffdf7"
    },
    "@std/path@1.1.6": {
      "integrity": "c68485c2a4dfbb5ae3cc74fae4e8c4e5d874cf8a8ed12927917235c758b46cbe",
      "dependencies": [
        "jsr:@std/internal"
      ]
    }
  },
  "workspace": {
    "dependencies": [
      "jsr:@dep/cache@^1.0.2",
      "jsr:@dep/command@3",
      "jsr:@dep/path@1",
      "jsr:@dep/schema@^1.0.2",
      "jsr:@dep/slug@^1.1.0",
      "jsr:@std/fmt@^1.0.10",
      "jsr:@std/fs@^1.0.24"
    ]
  }
}
